{
  "name": "panda-sky-helpers",
  "version": "2.0.1",
  "lockfileVersion": 1,
  "requires": true,
  "dependencies": {
    "accept": {
      "version": "3.1.3",
      "resolved": "https://registry.npmjs.org/accept/-/accept-3.1.3.tgz",
      "integrity": "sha512-OgOEAidVEOKPup+Gv2+2wdH2AgVKI9LxsJ4hicdJ6cY0faUuZdZoi56kkXWlHp9qicN1nWQLmW5ZRGk+SBS5xg==",
      "requires": {
        "boom": "7.3.0",
        "hoek": "6.1.2"
      }
    },
    "balanced-match": {
      "version": "1.0.0",
      "resolved": "https://registry.npmjs.org/balanced-match/-/balanced-match-1.0.0.tgz",
      "integrity": "sha1-ibTRmasr7kneFk6gK4nORi1xt2c="
    },
    "boom": {
      "version": "7.3.0",
      "resolved": "https://registry.npmjs.org/boom/-/boom-7.3.0.tgz",
      "integrity": "sha512-Swpoyi2t5+GhOEGw8rEsKvTxFLIDiiKoUc2gsoV6Lyr43LHBIzch3k2MvYUs8RTROrIkVJ3Al0TkaOGjnb+B6A==",
      "requires": {
        "hoek": "6.1.2"
      }
    },
    "brace-expansion": {
      "version": "1.1.11",
      "resolved": "https://registry.npmjs.org/brace-expansion/-/brace-expansion-1.1.11.tgz",
      "integrity": "sha512-iCuPHDFgrHX7H2vEI/5xpz07zSHB00TpugqhmYtVmMO6518mCuRMoOYFldEBl0g187ufozdaHgWKcYFb61qGiA==",
      "requires": {
        "balanced-match": "1.0.0",
        "concat-map": "0.0.1"
      }
    },
    "buffer-from": {
      "version": "1.1.1",
      "resolved": "https://registry.npmjs.org/buffer-from/-/buffer-from-1.1.1.tgz",
      "integrity": "sha512-MQcXEUbCKtEo7bhqEs6560Hyd4XaovZlO/k9V3hjVUF/zwW7KBVdSK4gIt/bzwS9MbR5qob+F5jusZsb0YQK2A=="
    },
    "concat-map": {
      "version": "0.0.1",
      "resolved": "https://registry.npmjs.org/concat-map/-/concat-map-0.0.1.tgz",
      "integrity": "sha1-2Klr13/Wjfd5OnMDajug1UBdR3s="
    },
    "hoek": {
      "version": "6.1.2",
      "resolved": "https://registry.npmjs.org/hoek/-/hoek-6.1.2.tgz",
      "integrity": "sha512-6qhh/wahGYZHFSFw12tBbJw5fsAhhwrrG/y3Cs0YMTv2WzMnL0oLPnQJjv1QJvEfylRSOFuP+xCu+tdx0tD16Q=="
    },
    "mime": {
      "version": "2.3.1",
      "resolved": "https://registry.npmjs.org/mime/-/mime-2.3.1.tgz",
      "integrity": "sha512-OEUllcVoydBHGN1z84yfQDimn58pZNNNXgZlHXSboxMlFvgI6MXSWpWKpFRra7H1HxpVhHTkrghfRW49k6yjeg=="
    },
    "minimatch": {
      "version": "3.0.4",
      "resolved": "https://registry.npmjs.org/minimatch/-/minimatch-3.0.4.tgz",
      "integrity": "sha512-yJHVQEhyqPLUTgt9B83PXu6W3rx4MvvHvSUvToogpwoGDOUQ+yDrR0HRot+yOCdCO7u4hX3pWft6kWBBcqh0UA==",
      "requires": {
        "brace-expansion": "1.1.11"
      }
    },
    "panda-auth-header": {
      "version": "0.0.1",
      "resolved": "https://registry.npmjs.org/panda-auth-header/-/panda-auth-header-0.0.1.tgz",
      "integrity": "sha512-NiDpfMAyMkHEePPX50m/1xnzGBmqM/pT/dAsxfHfIa16l2pSAiVwoxKXGnzxDcXqDC3Kdv7Z3lLFK8kVX51HPA=="
    },
    "panda-garden": {
      "version": "3.2.0",
      "resolved": "https://registry.npmjs.org/panda-garden/-/panda-garden-3.2.0.tgz",
      "integrity": "sha512-FYq0JyXRJBj2fB/Uc/pq+ziqWUML9XJiDr4wT7pUREviQ+7QC9sOMASw5hOwpmR+wIFabX9Sl/OBB6C9C+Ez0Q=="
    },
    "panda-generics": {
      "version": "4.2.0",
      "resolved": "https://registry.npmjs.org/panda-generics/-/panda-generics-4.2.0.tgz",
      "integrity": "sha512-cCV5+f2Yrldlhkf8+8J1vpqRewSHb837J2wMrGE4lpS0vjhgHJefzP65Yiwcc6O160KdeJr4llHgjSGnfpbwhw=="
    },
    "panda-parchment": {
      "version": "4.2.0",
      "resolved": "https://registry.npmjs.org/panda-parchment/-/panda-parchment-4.2.0.tgz",
      "integrity": "sha512-0r89yl+TLoefU8mQBcSg2lCg1Bv3uUWcIcuCGfsz9e7vYjs8GoeNhYN3OKx1TkMV0+WstUfsZ1Vyas7OmahjRQ==",
      "requires": {
        "panda-garden": "3.2.0",
        "panda-generics": "4.2.0"
      }
    },
    "panda-quill": {
      "version": "3.4.3",
      "resolved": "https://registry.npmjs.org/panda-quill/-/panda-quill-3.4.3.tgz",
      "integrity": "sha512-YOUJQ63W/q1+awugCLDoet187fknffnFpqRueg6mBJI+BRxZPDoYFes/DqXLpyj5SEovkl6diuNyP0y7296/+A==",
      "requires": {
        "minimatch": "3.0.4",
        "panda-garden": "1.0.0",
        "panda-generics": "4.2.0",
        "panda-parchment": "4.2.0"
      },
      "dependencies": {
        "panda-garden": {
          "version": "1.0.0",
          "resolved": "https://registry.npmjs.org/panda-garden/-/panda-garden-1.0.0.tgz",
          "integrity": "sha512-vTieWhd1sKWxk0050zdu1kgTd3ZjpXlab6Foz9Un2OJduXLMS4qoMgRSM9NpvxnpOx7UlGhxjqT1InOT6zL7TA=="
        }
      }
    },
    "panda-river": {
      "version": "4.4.2",
      "resolved": "https://registry.npmjs.org/panda-river/-/panda-river-4.4.2.tgz",
      "integrity": "sha512-Robkq22fiS5MrZtGE2UvV5SyuNhSXFRG9vbHEZW81VZQbifTlLUcBd+FKoK7uc+bx7GIbHj9JlMzLCee9lJLIA==",
      "requires": {
        "panda-garden": "3.2.0",
        "panda-generics": "4.2.0",
        "panda-parchment": "4.2.0"
      }
    },
    "source-map": {
      "version": "0.6.1",
      "resolved": "https://registry.npmjs.org/source-map/-/source-map-0.6.1.tgz",
      "integrity": "sha512-UjgapumWlbMhkBgzT7Ykc5YXUT46F0iKu8SGXq0bcwP5dz/h0Plj6enJqjz1Zbq2l5WaqYnrVbwWOWMyF3F47g=="
    },
    "source-map-support": {
      "version": "0.5.9",
      "resolved": "https://registry.npmjs.org/source-map-support/-/source-map-support-0.5.9.tgz",
      "integrity": "sha512-gR6Rw4MvUlYy83vP0vxoVNzM6t8MUXqNuRsuBmBHQDu1Fh6X015FrLdgoDKcNdkwGubozq0P4N0Q37UyFVr1EA==",
      "requires": {
        "buffer-from": "1.1.1",
        "source-map": "0.6.1"
      }
    },
    "standard-error": {
      "version": "1.1.0",
      "resolved": "https://registry.npmjs.org/standard-error/-/standard-error-1.1.0.tgz",
      "integrity": "sha1-I+UWj6HAggGJ5YEnAaeQWFENDTQ="
    },
    "sundog": {
      "version": "1.0.10",
      "resolved": "https://registry.npmjs.org/sundog/-/sundog-1.0.10.tgz",
      "integrity": "sha512-6IiFHUaIXKCu8XS3wYKlRMaHtFileAzlt2FRoOwKIKGQXmGCr6bRd0HOV09AXohjrV/vBImPXFV/F6AH2F5WUA==",
      "requires": {
        "mime": "2.3.1",
        "panda-garden": "3.2.0",
        "panda-generics": "4.2.0",
        "panda-parchment": "4.2.0",
        "panda-quill": "3.4.3",
        "panda-river": "4.4.2"
      }
    }
  }
}
