{
  "name": "panda-sky-helpers",
  "version": "0.0.15",
  "lockfileVersion": 1,
  "requires": true,
  "dependencies": {
    "buffer-from": {
      "version": "1.1.1",
      "resolved": "https://registry.npmjs.org/buffer-from/-/buffer-from-1.1.1.tgz",
      "integrity": "sha512-MQcXEUbCKtEo7bhqEs6560Hyd4XaovZlO/k9V3hjVUF/zwW7KBVdSK4gIt/bzwS9MbR5qob+F5jusZsb0YQK2A=="
    },
    "panda-auth-header": {
      "version": "0.0.1",
      "resolved": "https://registry.npmjs.org/panda-auth-header/-/panda-auth-header-0.0.1.tgz",
      "integrity": "sha512-NiDpfMAyMkHEePPX50m/1xnzGBmqM/pT/dAsxfHfIa16l2pSAiVwoxKXGnzxDcXqDC3Kdv7Z3lLFK8kVX51HPA=="
    },
    "source-map": {
      "version": "0.6.1",
      "resolved": "https://registry.npmjs.org/source-map/-/source-map-0.6.1.tgz",
      "integrity": "sha512-UjgapumWlbMhkBgzT7Ykc5YXUT46F0iKu8SGXq0bcwP5dz/h0Plj6enJqjz1Zbq2l5WaqYnrVbwWOWMyF3F47g=="
    },
    "source-map-support": {
      "version": "0.5.9",
      "resolved": "https://registry.npmjs.org/source-map-support/-/source-map-support-0.5.9.tgz",
      "integrity": "sha512-gR6Rw4MvUlYy83vP0vxoVNzM6t8MUXqNuRsuBmBHQDu1Fh6X015FrLdgoDKcNdkwGubozq0P4N0Q37UyFVr1EA==",
      "requires": {
        "buffer-from": "1.1.1",
        "source-map": "0.6.1"
      }
    },
    "standard-error": {
      "version": "1.1.0",
      "resolved": "https://registry.npmjs.org/standard-error/-/standard-error-1.1.0.tgz",
      "integrity": "sha1-I+UWj6HAggGJ5YEnAaeQWFENDTQ="
    },
    "sundog": {
      "version": "file:../sundog",
      "requires": {
        "mime": "2.3.1",
        "panda-garden": "3.0.4",
        "panda-parchment": "4.0.4",
        "panda-quill": "3.1.1"
      },
      "dependencies": {
        "balanced-match": {
          "version": "1.0.0",
          "bundled": true
        },
        "brace-expansion": {
          "version": "1.1.11",
          "bundled": true,
          "requires": {
            "balanced-match": "1.0.0",
            "concat-map": "0.0.1"
          }
        },
        "concat-map": {
          "version": "0.0.1",
          "bundled": true
        },
        "mime": {
          "version": "2.3.1",
          "bundled": true
        },
        "minimatch": {
          "version": "2.0.10",
          "bundled": true,
          "requires": {
            "brace-expansion": "1.1.11"
          }
        },
        "panda-garden": {
          "version": "3.0.4",
          "bundled": true
        },
        "panda-generics": {
          "version": "4.0.2",
          "bundled": true
        },
        "panda-parchment": {
          "version": "4.0.4",
          "bundled": true,
          "requires": {
            "panda-garden": "3.0.4",
            "panda-generics": "4.0.2"
          }
        },
        "panda-quill": {
          "version": "3.1.1",
          "bundled": true,
          "requires": {
            "minimatch": "2.0.10",
            "panda-garden": "1.0.0",
            "panda-generics": "4.0.2",
            "panda-parchment": "4.0.4"
          },
          "dependencies": {
            "panda-garden": {
              "version": "1.0.0",
              "bundled": true
            }
          }
        }
      }
    }
  }
}
